<?xml version="1.0" encoding="UTF-8"?>
<Project ToolsVersion="12.0" xmlns="http://schemas.microsoft.com/developer/msbuild/2003">
  <ItemGroup>
    <ClCompile Include="\\in.uni-weimar.de\fs\home\m\s\wepi1540\desktop\GitHub\scivis\ExSciVis\framework\glew.c">
      <Filter>Source Files</Filter>
    </ClCompile>
    <ClCompile Include="\\in.uni-weimar.de\fs\home\m\s\wepi1540\desktop\GitHub\scivis\ExSciVis\framework\imgui.cpp">
      <Filter>Source Files</Filter>
    </ClCompile>
    <ClCompile Include="\\in.uni-weimar.de\fs\home\m\s\wepi1540\desktop\GitHub\scivis\ExSciVis\framework\cube.cpp">
      <Filter>Source Files</Filter>
    </ClCompile>
    <ClCompile Include="\\in.uni-weimar.de\fs\home\m\s\wepi1540\desktop\GitHub\scivis\ExSciVis\framework\utils.cpp">
      <Filter>Source Files</Filter>
    </ClCompile>
    <ClCompile Include="\\in.uni-weimar.de\fs\home\m\s\wepi1540\desktop\GitHub\scivis\ExSciVis\framework\volume_loader_raw.cpp">
      <Filter>Source Files</Filter>
    </ClCompile>
    <ClCompile Include="\\in.uni-weimar.de\fs\home\m\s\wepi1540\desktop\GitHub\scivis\ExSciVis\framework\transfer_function.cpp">
      <Filter>Source Files</Filter>
    </ClCompile>
    <ClCompile Include="\\in.uni-weimar.de\fs\home\m\s\wepi1540\desktop\GitHub\scivis\ExSciVis\framework\window.cpp">
      <Filter>Source Files</Filter>
    </ClCompile>
    <ClCompile Include="\\in.uni-weimar.de\fs\home\m\s\wepi1540\desktop\GitHub\scivis\ExSciVis\framework\plane.cpp">
      <Filter>Source Files</Filter>
    </ClCompile>
    <ClCompile Include="\\in.uni-weimar.de\fs\home\m\s\wepi1540\desktop\GitHub\scivis\ExSciVis\framework\imgui_impl_glfw_gl3.cpp">
      <Filter>Source Files</Filter>
    </ClCompile>
  </ItemGroup>
  <ItemGroup>
    <ClInclude Include="\\in.uni-weimar.de\fs\home\m\s\wepi1540\desktop\GitHub\scivis\ExSciVis\framework\plane.hpp">
      <Filter>Header Files</Filter>
    </ClInclude>
    <ClInclude Include="\\in.uni-weimar.de\fs\home\m\s\wepi1540\desktop\GitHub\scivis\ExSciVis\framework\turntable.hpp">
      <Filter>Header Files</Filter>
    </ClInclude>
    <ClInclude Include="\\in.uni-weimar.de\fs\home\m\s\wepi1540\desktop\GitHub\scivis\ExSciVis\framework\transfer_function.hpp">
      <Filter>Header Files</Filter>
    </ClInclude>
    <ClInclude Include="\\in.uni-weimar.de\fs\home\m\s\wepi1540\desktop\GitHub\scivis\ExSciVis\framework\utils.hpp">
      <Filter>Header Files</Filter>
    </ClInclude>
    <ClInclude Include="\\in.uni-weimar.de\fs\home\m\s\wepi1540\desktop\GitHub\scivis\ExSciVis\framework\cube.hpp">
      <Filter>Header Files</Filter>
    </ClInclude>
    <ClInclude Include="\\in.uni-weimar.de\fs\home\m\s\wepi1540\desktop\GitHub\scivis\ExSciVis\framework\fensterchen.hpp">
      <Filter>Header Files</Filter>
    </ClInclude>
    <ClInclude Include="\\in.uni-weimar.de\fs\home\m\s\wepi1540\desktop\GitHub\scivis\ExSciVis\framework\volume_loader_raw.hpp">
      <Filter>Header Files</Filter>
    </ClInclude>
    <ClInclude Include="\\in.uni-weimar.de\fs\home\m\s\wepi1540\desktop\GitHub\scivis\ExSciVis\framework\color.hpp">
      <Filter>Header Files</Filter>
    </ClInclude>
    <ClInclude Include="\\in.uni-weimar.de\fs\home\m\s\wepi1540\desktop\GitHub\scivis\ExSciVis\framework\window.hpp">
      <Filter>Header Files</Filter>
    </ClInclude>
    <ClInclude Include="\\in.uni-weimar.de\fs\home\m\s\wepi1540\desktop\GitHub\scivis\ExSciVis\framework\data_types_fwd.hpp">
      <Filter>Header Files</Filter>
    </ClInclude>
    <ClInclude Include="\\in.uni-weimar.de\fs\home\m\s\wepi1540\desktop\GitHub\scivis\ExSciVis\framework\stb_textedit.h">
      <Filter>Header Files</Filter>
    </ClInclude>
    <ClInclude Include="\\in.uni-weimar.de\fs\home\m\s\wepi1540\desktop\GitHub\scivis\ExSciVis\framework\imconfig.h">
      <Filter>Header Files</Filter>
    </ClInclude>
    <ClInclude Include="\\in.uni-weimar.de\fs\home\m\s\wepi1540\desktop\GitHub\scivis\ExSciVis\framework\stb_truetype.h">
      <Filter>Header Files</Filter>
    </ClInclude>
    <ClInclude Include="\\in.uni-weimar.de\fs\home\m\s\wepi1540\desktop\GitHub\scivis\ExSciVis\framework\imgui_impl_glfw_gl3.h">
      <Filter>Header Files</Filter>
    </ClInclude>
    <ClInclude Include="\\in.uni-weimar.de\fs\home\m\s\wepi1540\desktop\GitHub\scivis\ExSciVis\framework\imgui.h">
      <Filter>Header Files</Filter>
    </ClInclude>
    <ClInclude Include="\\in.uni-weimar.de\fs\home\m\s\wepi1540\desktop\GitHub\scivis\ExSciVis\framework\stb_rect_pack.h">
      <Filter>Header Files</Filter>
    </ClInclude>
  </ItemGroup>
  <ItemGroup>
    <CustomBuild Include="\\in.uni-weimar.de\fs\home\m\s\wepi1540\desktop\GitHub\scivis\ExSciVis\framework\CMakeLists.txt" />
  </ItemGroup>
  <ItemGroup>
    <Filter Include="Source Files">
      <UniqueIdentifier>{23F37DDF-6708-4A60-BA82-487D38DC43E4}</UniqueIdentifier>
    </Filter>
    <Filter Include="Header Files">
      <UniqueIdentifier>{49DCC261-D65F-45F8-955E-EE200195D830}</UniqueIdentifier>
    </Filter>
  </ItemGroup>
</Project>
