Microsoft Visual Studio Solution File, Format Version 12.00
# Visual Studio 2013
Project("{8BC9CEB8-8B4A-11D0-8D11-00A0C91BC942}") = "ALL_BUILD", "ALL_BUILD.vcxproj", "{591E2C91-D817-4EEA-AE92-9256918D7D3E}"
	ProjectSection(ProjectDependencies) = postProject
		{94A66E30-3765-42D2-8A95-F7AF06803FD2} = {94A66E30-3765-42D2-8A95-F7AF06803FD2}
		{1085613F-CA72-4E61-90F4-9892CCA02E6D} = {1085613F-CA72-4E61-90F4-9892CCA02E6D}
		{E5C269A8-46B7-47F3-839B-AC05D3E4BDF3} = {E5C269A8-46B7-47F3-839B-AC05D3E4BDF3}
		{30044101-30B3-4F4F-B385-1240DC6ACE84} = {30044101-30B3-4F4F-B385-1240DC6ACE84}
	EndProjectSection
EndProject
Project("{8BC9CEB8-8B4A-11D0-8D11-00A0C91BC942}") = "INSTALL", "INSTALL.vcxproj", "{898AD013-EAA3-4D87-B027-0E3785984A5E}"
	ProjectSection(ProjectDependencies) = postProject
		{591E2C91-D817-4EEA-AE92-9256918D7D3E} = {591E2C91-D817-4EEA-AE92-9256918D7D3E}
	EndProjectSection
EndProject
Project("{8BC9CEB8-8B4A-11D0-8D11-00A0C91BC942}") = "MyVolumeRaycaster", "source\MyVolumeRaycaster.vcxproj", "{94A66E30-3765-42D2-8A95-F7AF06803FD2}"
	ProjectSection(ProjectDependencies) = postProject
		{1085613F-CA72-4E61-90F4-9892CCA02E6D} = {1085613F-CA72-4E61-90F4-9892CCA02E6D}
		{E5C269A8-46B7-47F3-839B-AC05D3E4BDF3} = {E5C269A8-46B7-47F3-839B-AC05D3E4BDF3}
		{30044101-30B3-4F4F-B385-1240DC6ACE84} = {30044101-30B3-4F4F-B385-1240DC6ACE84}
	EndProjectSection
EndProject
Project("{8BC9CEB8-8B4A-11D0-8D11-00A0C91BC942}") = "PACKAGE", "PACKAGE.vcxproj", "{8FD89F23-ECFA-43EB-AAB3-8C36750952B8}"
	ProjectSection(ProjectDependencies) = postProject
		{591E2C91-D817-4EEA-AE92-9256918D7D3E} = {591E2C91-D817-4EEA-AE92-9256918D7D3E}
	EndProjectSection
EndProject
Project("{8BC9CEB8-8B4A-11D0-8D11-00A0C91BC942}") = "ZERO_CHECK", "ZERO_CHECK.vcxproj", "{1085613F-CA72-4E61-90F4-9892CCA02E6D}"
	ProjectSection(ProjectDependencies) = postProject
	EndProjectSection
EndProject
Project("{8BC9CEB8-8B4A-11D0-8D11-00A0C91BC942}") = "framework", "framework\framework.vcxproj", "{E5C269A8-46B7-47F3-839B-AC05D3E4BDF3}"
	ProjectSection(ProjectDependencies) = postProject
		{1085613F-CA72-4E61-90F4-9892CCA02E6D} = {1085613F-CA72-4E61-90F4-9892CCA02E6D}
	EndProjectSection
EndProject
Project("{8BC9CEB8-8B4A-11D0-8D11-00A0C91BC942}") = "glfw", "external\glfw-3.0.3\src\glfw.vcxproj", "{30044101-30B3-4F4F-B385-1240DC6ACE84}"
	ProjectSection(ProjectDependencies) = postProject
		{1085613F-CA72-4E61-90F4-9892CCA02E6D} = {1085613F-CA72-4E61-90F4-9892CCA02E6D}
	EndProjectSection
EndProject
Global
	GlobalSection(SolutionConfigurationPlatforms) = preSolution
		Debug|x64 = Debug|x64
		Release|x64 = Release|x64
		MinSizeRel|x64 = MinSizeRel|x64
		RelWithDebInfo|x64 = RelWithDebInfo|x64
	EndGlobalSection
	GlobalSection(ProjectConfigurationPlatforms) = postSolution
		{591E2C91-D817-4EEA-AE92-9256918D7D3E}.Debug|x64.ActiveCfg = Debug|x64
		{591E2C91-D817-4EEA-AE92-9256918D7D3E}.Debug|x64.Build.0 = Debug|x64
		{591E2C91-D817-4EEA-AE92-9256918D7D3E}.Release|x64.ActiveCfg = Release|x64
		{591E2C91-D817-4EEA-AE92-9256918D7D3E}.Release|x64.Build.0 = Release|x64
		{591E2C91-D817-4EEA-AE92-9256918D7D3E}.MinSizeRel|x64.ActiveCfg = MinSizeRel|x64
		{591E2C91-D817-4EEA-AE92-9256918D7D3E}.MinSizeRel|x64.Build.0 = MinSizeRel|x64
		{591E2C91-D817-4EEA-AE92-9256918D7D3E}.RelWithDebInfo|x64.ActiveCfg = RelWithDebInfo|x64
		{591E2C91-D817-4EEA-AE92-9256918D7D3E}.RelWithDebInfo|x64.Build.0 = RelWithDebInfo|x64
		{898AD013-EAA3-4D87-B027-0E3785984A5E}.Debug|x64.ActiveCfg = Debug|x64
		{898AD013-EAA3-4D87-B027-0E3785984A5E}.Release|x64.ActiveCfg = Release|x64
		{898AD013-EAA3-4D87-B027-0E3785984A5E}.MinSizeRel|x64.ActiveCfg = MinSizeRel|x64
		{898AD013-EAA3-4D87-B027-0E3785984A5E}.RelWithDebInfo|x64.ActiveCfg = RelWithDebInfo|x64
		{94A66E30-3765-42D2-8A95-F7AF06803FD2}.Debug|x64.ActiveCfg = Debug|x64
		{94A66E30-3765-42D2-8A95-F7AF06803FD2}.Debug|x64.Build.0 = Debug|x64
		{94A66E30-3765-42D2-8A95-F7AF06803FD2}.Release|x64.ActiveCfg = Release|x64
		{94A66E30-3765-42D2-8A95-F7AF06803FD2}.Release|x64.Build.0 = Release|x64
		{94A66E30-3765-42D2-8A95-F7AF06803FD2}.MinSizeRel|x64.ActiveCfg = MinSizeRel|x64
		{94A66E30-3765-42D2-8A95-F7AF06803FD2}.MinSizeRel|x64.Build.0 = MinSizeRel|x64
		{94A66E30-3765-42D2-8A95-F7AF06803FD2}.RelWithDebInfo|x64.ActiveCfg = RelWithDebInfo|x64
		{94A66E30-3765-42D2-8A95-F7AF06803FD2}.RelWithDebInfo|x64.Build.0 = RelWithDebInfo|x64
		{8FD89F23-ECFA-43EB-AAB3-8C36750952B8}.Debug|x64.ActiveCfg = Debug|x64
		{8FD89F23-ECFA-43EB-AAB3-8C36750952B8}.Release|x64.ActiveCfg = Release|x64
		{8FD89F23-ECFA-43EB-AAB3-8C36750952B8}.MinSizeRel|x64.ActiveCfg = MinSizeRel|x64
		{8FD89F23-ECFA-43EB-AAB3-8C36750952B8}.RelWithDebInfo|x64.ActiveCfg = RelWithDebInfo|x64
		{1085613F-CA72-4E61-90F4-9892CCA02E6D}.Debug|x64.ActiveCfg = Debug|x64
		{1085613F-CA72-4E61-90F4-9892CCA02E6D}.Debug|x64.Build.0 = Debug|x64
		{1085613F-CA72-4E61-90F4-9892CCA02E6D}.Release|x64.ActiveCfg = Release|x64
		{1085613F-CA72-4E61-90F4-9892CCA02E6D}.Release|x64.Build.0 = Release|x64
		{1085613F-CA72-4E61-90F4-9892CCA02E6D}.MinSizeRel|x64.ActiveCfg = MinSizeRel|x64
		{1085613F-CA72-4E61-90F4-9892CCA02E6D}.MinSizeRel|x64.Build.0 = MinSizeRel|x64
		{1085613F-CA72-4E61-90F4-9892CCA02E6D}.RelWithDebInfo|x64.ActiveCfg = RelWithDebInfo|x64
		{1085613F-CA72-4E61-90F4-9892CCA02E6D}.RelWithDebInfo|x64.Build.0 = RelWithDebInfo|x64
		{E5C269A8-46B7-47F3-839B-AC05D3E4BDF3}.Debug|x64.ActiveCfg = Debug|x64
		{E5C269A8-46B7-47F3-839B-AC05D3E4BDF3}.Debug|x64.Build.0 = Debug|x64
		{E5C269A8-46B7-47F3-839B-AC05D3E4BDF3}.Release|x64.ActiveCfg = Release|x64
		{E5C269A8-46B7-47F3-839B-AC05D3E4BDF3}.Release|x64.Build.0 = Release|x64
		{E5C269A8-46B7-47F3-839B-AC05D3E4BDF3}.MinSizeRel|x64.ActiveCfg = MinSizeRel|x64
		{E5C269A8-46B7-47F3-839B-AC05D3E4BDF3}.MinSizeRel|x64.Build.0 = MinSizeRel|x64
		{E5C269A8-46B7-47F3-839B-AC05D3E4BDF3}.RelWithDebInfo|x64.ActiveCfg = RelWithDebInfo|x64
		{E5C269A8-46B7-47F3-839B-AC05D3E4BDF3}.RelWithDebInfo|x64.Build.0 = RelWithDebInfo|x64
		{30044101-30B3-4F4F-B385-1240DC6ACE84}.Debug|x64.ActiveCfg = Debug|x64
		{30044101-30B3-4F4F-B385-1240DC6ACE84}.Debug|x64.Build.0 = Debug|x64
		{30044101-30B3-4F4F-B385-1240DC6ACE84}.Release|x64.ActiveCfg = Release|x64
		{30044101-30B3-4F4F-B385-1240DC6ACE84}.Release|x64.Build.0 = Release|x64
		{30044101-30B3-4F4F-B385-1240DC6ACE84}.MinSizeRel|x64.ActiveCfg = MinSizeRel|x64
		{30044101-30B3-4F4F-B385-1240DC6ACE84}.MinSizeRel|x64.Build.0 = MinSizeRel|x64
		{30044101-30B3-4F4F-B385-1240DC6ACE84}.RelWithDebInfo|x64.ActiveCfg = RelWithDebInfo|x64
		{30044101-30B3-4F4F-B385-1240DC6ACE84}.RelWithDebInfo|x64.Build.0 = RelWithDebInfo|x64
	EndGlobalSection
	GlobalSection(ExtensibilityGlobals) = postSolution
	EndGlobalSection
	GlobalSection(ExtensibilityAddIns) = postSolution
	EndGlobalSection
EndGlobal
