<?xml version="1.0" encoding="UTF-8"?>
<Project ToolsVersion="12.0" xmlns="http://schemas.microsoft.com/developer/msbuild/2003">
  <ItemGroup>
    <CustomBuild Include="\\in.uni-weimar.de\fs\home\m\s\wepi1540\desktop\GitHub\scivis\ExSciVis\cmake-out\CMakeFiles\2259b8ad78f3fadc897326e66560b85b\PACKAGE_force.rule">
      <Filter>CMake Rules</Filter>
    </CustomBuild>
  </ItemGroup>
  <ItemGroup>
    <Filter Include="CMake Rules">
      <UniqueIdentifier>{DB7C51B2-CFE2-485A-BF76-B2E7CA520E7B}</UniqueIdentifier>
    </Filter>
  </ItemGroup>
</Project>
